// !$*UTF8*$!
{
	archiveVersion = 1;
	classes = {
	};
	objectVersion = 50;
	objects = {

/* Begin PBXBuildFile section */
		130503E620D8EAB4002E2C3B /* DigestType.swift in Sources */ = {isa = PBXBuildFile; fileRef = 130503E520D8EAB4002E2C3B /* DigestType.swift */; };
		130503E820D8EB6E002E2C3B /* Updatable.swift in Sources */ = {isa = PBXBuildFile; fileRef = 130503E720D8EB6E002E2C3B /* Updatable.swift */; };
		130503EA20D8EBA6002E2C3B /* Array+Extension.swift in Sources */ = {isa = PBXBuildFile; fileRef = 130503E920D8EBA6002E2C3B /* Array+Extension.swift */; };
		130503EC20D8EC42002E2C3B /* Utils.swift in Sources */ = {isa = PBXBuildFile; fileRef = 130503EB20D8EC41002E2C3B /* Utils.swift */; };
		130503EE20D8EC6E002E2C3B /* Int+Extension.swift in Sources */ = {isa = PBXBuildFile; fileRef = 130503ED20D8EC6E002E2C3B /* Int+Extension.swift */; };
		130503F020D8EC92002E2C3B /* Bit.swift in Sources */ = {isa = PBXBuildFile; fileRef = 130503EF20D8EC91002E2C3B /* Bit.swift */; };
		130503F220D8ECC2002E2C3B /* BatchedCollection.swift in Sources */ = {isa = PBXBuildFile; fileRef = 130503F120D8ECC2002E2C3B /* BatchedCollection.swift */; };
		130503F420D8ECE6002E2C3B /* Generics.swift in Sources */ = {isa = PBXBuildFile; fileRef = 130503F320D8ECE6002E2C3B /* Generics.swift */; };
		130503F620D8EE6A002E2C3B /* String+Extension.swift in Sources */ = {isa = PBXBuildFile; fileRef = 130503F520D8EE6A002E2C3B /* String+Extension.swift */; };
		130503F820D8EEB1002E2C3B /* Cipher.swift in Sources */ = {isa = PBXBuildFile; fileRef = 130503F720D8EEB0002E2C3B /* Cipher.swift */; };
		130503FD20D8EEC1002E2C3B /* Data+Extension.swift in Sources */ = {isa = PBXBuildFile; fileRef = 130503F920D8EEC0002E2C3B /* Data+Extension.swift */; };
		130503FE20D8EEC1002E2C3B /* String+FoundationExtension.swift in Sources */ = {isa = PBXBuildFile; fileRef = 130503FA20D8EEC0002E2C3B /* String+FoundationExtension.swift */; };
		130503FF20D8EEC1002E2C3B /* Array+Foundation.swift in Sources */ = {isa = PBXBuildFile; fileRef = 130503FB20D8EEC0002E2C3B /* Array+Foundation.swift */; };
		1305040020D8EEC1002E2C3B /* Utils+Foundation.swift in Sources */ = {isa = PBXBuildFile; fileRef = 130503FC20D8EEC1002E2C3B /* Utils+Foundation.swift */; };
		1305040320D8EEE8002E2C3B /* Digest.swift in Sources */ = {isa = PBXBuildFile; fileRef = 1305040220D8EEE8002E2C3B /* Digest.swift */; };
		1305040520D8EF7C002E2C3B /* Authenticator.swift in Sources */ = {isa = PBXBuildFile; fileRef = 1305040420D8EF7B002E2C3B /* Authenticator.swift */; };
		132EBA0820D82498007B3764 /* MD5.swift in Sources */ = {isa = PBXBuildFile; fileRef = 132EBA0720D82498007B3764 /* MD5.swift */; };
		135A012B20D00E8000FC17DC /* gbUtils.h in Headers */ = {isa = PBXBuildFile; fileRef = 135A012920D00E8000FC17DC /* gbUtils.h */; settings = {ATTRIBUTES = (Public, ); }; };
		135A013220D010C900FC17DC /* URLUtils.swift in Sources */ = {isa = PBXBuildFile; fileRef = 135A00F520D0098200FC17DC /* URLUtils.swift */; };
/* End PBXBuildFile section */

/* Begin PBXFileReference section */
		130503E520D8EAB4002E2C3B /* DigestType.swift */ = {isa = PBXFileReference; lastKnownFileType = sourcecode.swift; path = DigestType.swift; sourceTree = "<group>"; };
		130503E720D8EB6E002E2C3B /* Updatable.swift */ = {isa = PBXFileReference; lastKnownFileType = sourcecode.swift; path = Updatable.swift; sourceTree = "<group>"; };
		130503E920D8EBA6002E2C3B /* Array+Extension.swift */ = {isa = PBXFileReference; lastKnownFileType = sourcecode.swift; path = "Array+Extension.swift"; sourceTree = "<group>"; };
		130503EB20D8EC41002E2C3B /* Utils.swift */ = {isa = PBXFileReference; lastKnownFileType = sourcecode.swift; path = Utils.swift; sourceTree = "<group>"; };
		130503ED20D8EC6E002E2C3B /* Int+Extension.swift */ = {isa = PBXFileReference; lastKnownFileType = sourcecode.swift; path = "Int+Extension.swift"; sourceTree = "<group>"; };
		130503EF20D8EC91002E2C3B /* Bit.swift */ = {isa = PBXFileReference; lastKnownFileType = sourcecode.swift; path = Bit.swift; sourceTree = "<group>"; };
		130503F120D8ECC2002E2C3B /* BatchedCollection.swift */ = {isa = PBXFileReference; lastKnownFileType = sourcecode.swift; path = BatchedCollection.swift; sourceTree = "<group>"; };
		130503F320D8ECE6002E2C3B /* Generics.swift */ = {isa = PBXFileReference; lastKnownFileType = sourcecode.swift; path = Generics.swift; sourceTree = "<group>"; };
		130503F520D8EE6A002E2C3B /* String+Extension.swift */ = {isa = PBXFileReference; lastKnownFileType = sourcecode.swift; path = "String+Extension.swift"; sourceTree = "<group>"; };
		130503F720D8EEB0002E2C3B /* Cipher.swift */ = {isa = PBXFileReference; lastKnownFileType = sourcecode.swift; path = Cipher.swift; sourceTree = "<group>"; };
		130503F920D8EEC0002E2C3B /* Data+Extension.swift */ = {isa = PBXFileReference; lastKnownFileType = sourcecode.swift; path = "Data+Extension.swift"; sourceTree = "<group>"; };
		130503FA20D8EEC0002E2C3B /* String+FoundationExtension.swift */ = {isa = PBXFileReference; lastKnownFileType = sourcecode.swift; path = "String+FoundationExtension.swift"; sourceTree = "<group>"; };
		130503FB20D8EEC0002E2C3B /* Array+Foundation.swift */ = {isa = PBXFileReference; lastKnownFileType = sourcecode.swift; path = "Array+Foundation.swift"; sourceTree = "<group>"; };
		130503FC20D8EEC1002E2C3B /* Utils+Foundation.swift */ = {isa = PBXFileReference; lastKnownFileType = sourcecode.swift; path = "Utils+Foundation.swift"; sourceTree = "<group>"; };
		1305040220D8EEE8002E2C3B /* Digest.swift */ = {isa = PBXFileReference; lastKnownFileType = sourcecode.swift; path = Digest.swift; sourceTree = "<group>"; };
		1305040420D8EF7B002E2C3B /* Authenticator.swift */ = {isa = PBXFileReference; lastKnownFileType = sourcecode.swift; path = Authenticator.swift; sourceTree = "<group>"; };
		132EBA0720D82498007B3764 /* MD5.swift */ = {isa = PBXFileReference; lastKnownFileType = sourcecode.swift; path = MD5.swift; sourceTree = "<group>"; };
		135A00F220D0098100FC17DC /* gbUtils-Bridging-Header.h */ = {isa = PBXFileReference; lastKnownFileType = sourcecode.c.h; path = "gbUtils-Bridging-Header.h"; sourceTree = "<group>"; };
		135A00F520D0098200FC17DC /* URLUtils.swift */ = {isa = PBXFileReference; fileEncoding = 4; lastKnownFileType = sourcecode.swift; path = URLUtils.swift; sourceTree = "<group>"; };
		135A012020D00E5E00FC17DC /* gbUtils.framework */ = {isa = PBXFileReference; explicitFileType = wrapper.framework; includeInIndex = 0; path = gbUtils.framework; sourceTree = BUILT_PRODUCTS_DIR; };
		135A012820D00E8000FC17DC /* Info.plist */ = {isa = PBXFileReference; fileEncoding = 4; lastKnownFileType = text.plist.xml; path = Info.plist; sourceTree = "<group>"; };
		135A012920D00E8000FC17DC /* gbUtils.h */ = {isa = PBXFileReference; fileEncoding = 4; lastKnownFileType = sourcecode.c.h; path = gbUtils.h; sourceTree = "<group>"; };
/* End PBXFileReference section */

/* Begin PBXFrameworksBuildPhase section */
		135A011C20D00E5E00FC17DC /* Frameworks */ = {
			isa = PBXFrameworksBuildPhase;
			buildActionMask = 2147483647;
			files = (
			);
			runOnlyForDeploymentPostprocessing = 0;
		};
/* End PBXFrameworksBuildPhase section */

/* Begin PBXGroup section */
		130503E420D8EAA7002E2C3B /* Secure */ = {
			isa = PBXGroup;
			children = (
				1305040420D8EF7B002E2C3B /* Authenticator.swift */,
				1305040220D8EEE8002E2C3B /* Digest.swift */,
				1305040120D8EEC4002E2C3B /* Foundations */,
				130503F720D8EEB0002E2C3B /* Cipher.swift */,
				130503F520D8EE6A002E2C3B /* String+Extension.swift */,
				130503F320D8ECE6002E2C3B /* Generics.swift */,
				130503F120D8ECC2002E2C3B /* BatchedCollection.swift */,
				130503EF20D8EC91002E2C3B /* Bit.swift */,
				130503ED20D8EC6E002E2C3B /* Int+Extension.swift */,
				130503EB20D8EC41002E2C3B /* Utils.swift */,
				130503E920D8EBA6002E2C3B /* Array+Extension.swift */,
				132EBA0720D82498007B3764 /* MD5.swift */,
				130503E520D8EAB4002E2C3B /* DigestType.swift */,
				130503E720D8EB6E002E2C3B /* Updatable.swift */,
			);
			path = Secure;
			sourceTree = "<group>";
		};
		1305040120D8EEC4002E2C3B /* Foundations */ = {
			isa = PBXGroup;
			children = (
				130503FB20D8EEC0002E2C3B /* Array+Foundation.swift */,
				130503F920D8EEC0002E2C3B /* Data+Extension.swift */,
				130503FA20D8EEC0002E2C3B /* String+FoundationExtension.swift */,
				130503FC20D8EEC1002E2C3B /* Utils+Foundation.swift */,
			);
			path = Foundations;
			sourceTree = "<group>";
		};
		135A00D920D0095E00FC17DC = {
			isa = PBXGroup;
			children = (
				135A012920D00E8000FC17DC /* gbUtils.h */,
				135A012820D00E8000FC17DC /* Info.plist */,
				135A00F420D0098200FC17DC /* Utils */,
				135A00E320D0095E00FC17DC /* Products */,
				135A00F220D0098100FC17DC /* gbUtils-Bridging-Header.h */,
			);
			sourceTree = "<group>";
		};
		135A00E320D0095E00FC17DC /* Products */ = {
			isa = PBXGroup;
			children = (
				135A012020D00E5E00FC17DC /* gbUtils.framework */,
			);
			name = Products;
			sourceTree = "<group>";
		};
		135A00F420D0098200FC17DC /* Utils */ = {
			isa = PBXGroup;
			children = (
				130503E420D8EAA7002E2C3B /* Secure */,
				135A00F520D0098200FC17DC /* URLUtils.swift */,
			);
			path = Utils;
			sourceTree = "<group>";
		};
/* End PBXGroup section */

/* Begin PBXHeadersBuildPhase section */
		135A011D20D00E5E00FC17DC /* Headers */ = {
			isa = PBXHeadersBuildPhase;
			buildActionMask = 2147483647;
			files = (
				135A012B20D00E8000FC17DC /* gbUtils.h in Headers */,
			);
			runOnlyForDeploymentPostprocessing = 0;
		};
/* End PBXHeadersBuildPhase section */

/* Begin PBXNativeTarget section */
		135A011F20D00E5E00FC17DC /* gbUtils */ = {
			isa = PBXNativeTarget;
			buildConfigurationList = 135A012520D00E5E00FC17DC /* Build configuration list for PBXNativeTarget "gbUtils" */;
			buildPhases = (
				135A011B20D00E5E00FC17DC /* Sources */,
				135A011C20D00E5E00FC17DC /* Frameworks */,
				135A011D20D00E5E00FC17DC /* Headers */,
				135A011E20D00E5E00FC17DC /* Resources */,
			);
			buildRules = (
			);
			dependencies = (
			);
			name = gbUtils;
			productName = gbUtils;
			productReference = 135A012020D00E5E00FC17DC /* gbUtils.framework */;
			productType = "com.apple.product-type.framework";
		};
/* End PBXNativeTarget section */

/* Begin PBXProject section */
		135A00DA20D0095E00FC17DC /* Project object */ = {
			isa = PBXProject;
			attributes = {
				LastSwiftUpdateCheck = 0930;
				LastUpgradeCheck = 0940;
				ORGANIZATIONNAME = "GameBable Inc, Ltd.";
				TargetAttributes = {
					135A011F20D00E5E00FC17DC = {
						CreatedOnToolsVersion = 9.3.1;
					};
				};
			};
			buildConfigurationList = 135A00DD20D0095E00FC17DC /* Build configuration list for PBXProject "gbUtils" */;
			compatibilityVersion = "Xcode 9.3";
			developmentRegion = en;
			hasScannedForEncodings = 0;
			knownRegions = (
				en,
			);
			mainGroup = 135A00D920D0095E00FC17DC;
			productRefGroup = 135A00E320D0095E00FC17DC /* Products */;
			projectDirPath = "";
			projectRoot = "";
			targets = (
				135A011F20D00E5E00FC17DC /* gbUtils */,
			);
		};
/* End PBXProject section */

/* Begin PBXResourcesBuildPhase section */
		135A011E20D00E5E00FC17DC /* Resources */ = {
			isa = PBXResourcesBuildPhase;
			buildActionMask = 2147483647;
			files = (
			);
			runOnlyForDeploymentPostprocessing = 0;
		};
/* End PBXResourcesBuildPhase section */

/* Begin PBXSourcesBuildPhase section */
		135A011B20D00E5E00FC17DC /* Sources */ = {
			isa = PBXSourcesBuildPhase;
			buildActionMask = 2147483647;
			files = (
				130503FD20D8EEC1002E2C3B /* Data+Extension.swift in Sources */,
				130503E820D8EB6E002E2C3B /* Updatable.swift in Sources */,
				130503F620D8EE6A002E2C3B /* String+Extension.swift in Sources */,
				130503EA20D8EBA6002E2C3B /* Array+Extension.swift in Sources */,
				1305040020D8EEC1002E2C3B /* Utils+Foundation.swift in Sources */,
				130503E620D8EAB4002E2C3B /* DigestType.swift in Sources */,
				130503F020D8EC92002E2C3B /* Bit.swift in Sources */,
				130503EE20D8EC6E002E2C3B /* Int+Extension.swift in Sources */,
				130503F820D8EEB1002E2C3B /* Cipher.swift in Sources */,
				135A013220D010C900FC17DC /* URLUtils.swift in Sources */,
				132EBA0820D82498007B3764 /* MD5.swift in Sources */,
				130503FE20D8EEC1002E2C3B /* String+FoundationExtension.swift in Sources */,
				130503F420D8ECE6002E2C3B /* Generics.swift in Sources */,
				1305040320D8EEE8002E2C3B /* Digest.swift in Sources */,
				130503EC20D8EC42002E2C3B /* Utils.swift in Sources */,
				130503FF20D8EEC1002E2C3B /* Array+Foundation.swift in Sources */,
				130503F220D8ECC2002E2C3B /* BatchedCollection.swift in Sources */,
				1305040520D8EF7C002E2C3B /* Authenticator.swift in Sources */,
			);
			runOnlyForDeploymentPostprocessing = 0;
		};
/* End PBXSourcesBuildPhase section */

/* Begin XCBuildConfiguration section */
		135A00E720D0095E00FC17DC /* Debug */ = {
			isa = XCBuildConfiguration;
			buildSettings = {
				ALWAYS_SEARCH_USER_PATHS = NO;
				CLANG_ANALYZER_NONNULL = YES;
				CLANG_ANALYZER_NUMBER_OBJECT_CONVERSION = YES_AGGRESSIVE;
				CLANG_CXX_LANGUAGE_STANDARD = "gnu++14";
				CLANG_CXX_LIBRARY = "libc++";
				CLANG_ENABLE_MODULES = YES;
				CLANG_ENABLE_OBJC_ARC = YES;
				CLANG_ENABLE_OBJC_WEAK = YES;
				CLANG_WARN_BLOCK_CAPTURE_AUTORELEASING = YES;
				CLANG_WARN_BOOL_CONVERSION = YES;
				CLANG_WARN_COMMA = YES;
				CLANG_WARN_CONSTANT_CONVERSION = YES;
				CLANG_WARN_DEPRECATED_OBJC_IMPLEMENTATIONS = YES;
				CLANG_WARN_DIRECT_OBJC_ISA_USAGE = YES_ERROR;
				CLANG_WARN_DOCUMENTATION_COMMENTS = YES;
				CLANG_WARN_EMPTY_BODY = YES;
				CLANG_WARN_ENUM_CONVERSION = YES;
				CLANG_WARN_INFINITE_RECURSION = YES;
				CLANG_WARN_INT_CONVERSION = YES;
				CLANG_WARN_NON_LITERAL_NULL_CONVERSION = YES;
				CLANG_WARN_OBJC_IMPLICIT_RETAIN_SELF = YES;
				CLANG_WARN_OBJC_LITERAL_CONVERSION = YES;
				CLANG_WARN_OBJC_ROOT_CLASS = YES_ERROR;
				CLANG_WARN_RANGE_LOOP_ANALYSIS = YES;
				CLANG_WARN_STRICT_PROTOTYPES = YES;
				CLANG_WARN_SUSPICIOUS_MOVE = YES;
				CLANG_WARN_UNGUARDED_AVAILABILITY = YES_AGGRESSIVE;
				CLANG_WARN_UNREACHABLE_CODE = YES;
				CLANG_WARN__DUPLICATE_METHOD_MATCH = YES;
				CODE_SIGN_IDENTITY = "iPhone Developer";
				COPY_PHASE_STRIP = NO;
				DEBUG_INFORMATION_FORMAT = dwarf;
				ENABLE_STRICT_OBJC_MSGSEND = YES;
				ENABLE_TESTABILITY = YES;
				GCC_C_LANGUAGE_STANDARD = gnu11;
				GCC_DYNAMIC_NO_PIC = NO;
				GCC_NO_COMMON_BLOCKS = YES;
				GCC_OPTIMIZATION_LEVEL = 0;
				GCC_PREPROCESSOR_DEFINITIONS = (
					"DEBUG=1",
					"$(inherited)",
				);
				GCC_WARN_64_TO_32_BIT_CONVERSION = YES;
				GCC_WARN_ABOUT_RETURN_TYPE = YES_ERROR;
				GCC_WARN_UNDECLARED_SELECTOR = YES;
				GCC_WARN_UNINITIALIZED_AUTOS = YES_AGGRESSIVE;
				GCC_WARN_UNUSED_FUNCTION = YES;
				GCC_WARN_UNUSED_VARIABLE = YES;
				IPHONEOS_DEPLOYMENT_TARGET = 9.0;
				MTL_ENABLE_DEBUG_INFO = YES;
				ONLY_ACTIVE_ARCH = YES;
				SDKROOT = iphoneos;
				SWIFT_ACTIVE_COMPILATION_CONDITIONS = DEBUG;
				SWIFT_OPTIMIZATION_LEVEL = "-Onone";
			};
			name = Debug;
		};
		135A00E820D0095E00FC17DC /* Release */ = {
			isa = XCBuildConfiguration;
			buildSettings = {
				ALWAYS_SEARCH_USER_PATHS = NO;
				CLANG_ANALYZER_NONNULL = YES;
				CLANG_ANALYZER_NUMBER_OBJECT_CONVERSION = YES_AGGRESSIVE;
				CLANG_CXX_LANGUAGE_STANDARD = "gnu++14";
				CLANG_CXX_LIBRARY = "libc++";
				CLANG_ENABLE_MODULES = YES;
				CLANG_ENABLE_OBJC_ARC = YES;
				CLANG_ENABLE_OBJC_WEAK = YES;
				CLANG_WARN_BLOCK_CAPTURE_AUTORELEASING = YES;
				CLANG_WARN_BOOL_CONVERSION = YES;
				CLANG_WARN_COMMA = YES;
				CLANG_WARN_CONSTANT_CONVERSION = YES;
				CLANG_WARN_DEPRECATED_OBJC_IMPLEMENTATIONS = YES;
				CLANG_WARN_DIRECT_OBJC_ISA_USAGE = YES_ERROR;
				CLANG_WARN_DOCUMENTATION_COMMENTS = YES;
				CLANG_WARN_EMPTY_BODY = YES;
				CLANG_WARN_ENUM_CONVERSION = YES;
				CLANG_WARN_INFINITE_RECURSION = YES;
				CLANG_WARN_INT_CONVERSION = YES;
				CLANG_WARN_NON_LITERAL_NULL_CONVERSION = YES;
				CLANG_WARN_OBJC_IMPLICIT_RETAIN_SELF = YES;
				CLANG_WARN_OBJC_LITERAL_CONVERSION = YES;
				CLANG_WARN_OBJC_ROOT_CLASS = YES_ERROR;
				CLANG_WARN_RANGE_LOOP_ANALYSIS = YES;
				CLANG_WARN_STRICT_PROTOTYPES = YES;
				CLANG_WARN_SUSPICIOUS_MOVE = YES;
				CLANG_WARN_UNGUARDED_AVAILABILITY = YES_AGGRESSIVE;
				CLANG_WARN_UNREACHABLE_CODE = YES;
				CLANG_WARN__DUPLICATE_METHOD_MATCH = YES;
				CODE_SIGN_IDENTITY = "iPhone Developer";
				COPY_PHASE_STRIP = NO;
				DEBUG_INFORMATION_FORMAT = "dwarf-with-dsym";
				ENABLE_NS_ASSERTIONS = NO;
				ENABLE_STRICT_OBJC_MSGSEND = YES;
				GCC_C_LANGUAGE_STANDARD = gnu11;
				GCC_NO_COMMON_BLOCKS = YES;
				GCC_WARN_64_TO_32_BIT_CONVERSION = YES;
				GCC_WARN_ABOUT_RETURN_TYPE = YES_ERROR;
				GCC_WARN_UNDECLARED_SELECTOR = YES;
				GCC_WARN_UNINITIALIZED_AUTOS = YES_AGGRESSIVE;
				GCC_WARN_UNUSED_FUNCTION = YES;
				GCC_WARN_UNUSED_VARIABLE = YES;
				IPHONEOS_DEPLOYMENT_TARGET = 9.0;
				MTL_ENABLE_DEBUG_INFO = NO;
				SDKROOT = iphoneos;
				SWIFT_COMPILATION_MODE = wholemodule;
				SWIFT_OPTIMIZATION_LEVEL = "-O";
				VALIDATE_PRODUCT = YES;
			};
			name = Release;
		};
		135A012620D00E5E00FC17DC /* Debug */ = {
			isa = XCBuildConfiguration;
			buildSettings = {
				CODE_SIGN_IDENTITY = "";
				CODE_SIGN_STYLE = Automatic;
				CURRENT_PROJECT_VERSION = 1;
				DEFINES_MODULE = YES;
				DEVELOPMENT_TEAM = 78ZP32GK3R;
				DYLIB_COMPATIBILITY_VERSION = 1;
				DYLIB_CURRENT_VERSION = 1;
				DYLIB_INSTALL_NAME_BASE = "@rpath";
				INFOPLIST_FILE = Info.plist;
				INSTALL_PATH = "$(LOCAL_LIBRARY_DIR)/Frameworks";
				LD_RUNPATH_SEARCH_PATHS = (
					"$(inherited)",
					"@executable_path/Frameworks",
					"@loader_path/Frameworks",
				);
				PRODUCT_BUNDLE_IDENTIFIER = com.gamebable.gbUtils;
				PRODUCT_NAME = "$(TARGET_NAME:c99extidentifier)";
				SKIP_INSTALL = YES;
				SWIFT_VERSION = 4.0;
				TARGETED_DEVICE_FAMILY = "1,2";
				VERSIONING_SYSTEM = "apple-generic";
				VERSION_INFO_PREFIX = "";
			};
			name = Debug;
		};
		135A012720D00E5E00FC17DC /* Release */ = {
			isa = XCBuildConfiguration;
			buildSettings = {
				CODE_SIGN_IDENTITY = "";
				CODE_SIGN_STYLE = Automatic;
				CURRENT_PROJECT_VERSION = 1;
				DEFINES_MODULE = YES;
				DEVELOPMENT_TEAM = 78ZP32GK3R;
				DYLIB_COMPATIBILITY_VERSION = 1;
				DYLIB_CURRENT_VERSION = 1;
				DYLIB_INSTALL_NAME_BASE = "@rpath";
				INFOPLIST_FILE = Info.plist;
				INSTALL_PATH = "$(LOCAL_LIBRARY_DIR)/Frameworks";
				LD_RUNPATH_SEARCH_PATHS = (
					"$(inherited)",
					"@executable_path/Frameworks",
					"@loader_path/Frameworks",
				);
				PRODUCT_BUNDLE_IDENTIFIER = com.gamebable.gbUtils;
				PRODUCT_NAME = "$(TARGET_NAME:c99extidentifier)";
				SKIP_INSTALL = YES;
				SWIFT_VERSION = 4.0;
				TARGETED_DEVICE_FAMILY = "1,2";
				VERSIONING_SYSTEM = "apple-generic";
				VERSION_INFO_PREFIX = "";
			};
			name = Release;
		};
/* End XCBuildConfiguration section */

/* Begin XCConfigurationList section */
		135A00DD20D0095E00FC17DC /* Build configuration list for PBXProject "gbUtils" */ = {
			isa = XCConfigurationList;
			buildConfigurations = (
				135A00E720D0095E00FC17DC /* Debug */,
				135A00E820D0095E00FC17DC /* Release */,
			);
			defaultConfigurationIsVisible = 0;
			defaultConfigurationName = Release;
		};
		135A012520D00E5E00FC17DC /* Build configuration list for PBXNativeTarget "gbUtils" */ = {
			isa = XCConfigurationList;
			buildConfigurations = (
				135A012620D00E5E00FC17DC /* Debug */,
				135A012720D00E5E00FC17DC /* Release */,
			);
			defaultConfigurationIsVisible = 0;
			defaultConfigurationName = Release;
		};
/* End XCConfigurationList section */
	};
	rootObject = 135A00DA20D0095E00FC17DC /* Project object */;
}
